
Microsoft Visual Studio Solution File, Format Version 12.00
# Visual Studio Version 17
VisualStudioVersion = 17.10.35013.160
MinimumVisualStudioVersion = 10.0.40219.1
Project("{2150E333-8FDC-42A3-9474-1A3956D46DE8}") = "CursoDev", "CursoDev", "{B5DE9118-3C8E-4B43-95D6-E8B0F5A07519}"
EndProject
Project("{2150E333-8FDC-42A3-9474-1A3956D46DE8}") = "ProvaDeLogica", "ProvaDeLogica", "{B2630B65-75E3-499E-8719-4632BDF3E2E0}"
EndProject
Project("{FAE04EC0-301F-11D3-BF4B-00C04F79EFBC}") = "ProvaDeLogica", "..\ProvaDeLogica\ProvaDeLogica.csproj", "{4093AEC3-30C8-4337-B3A5-41005D97FB4E}"
EndProject
Project("{2150E333-8FDC-42A3-9474-1A3956D46DE8}") = "Seccao3", "Seccao3", "{514216C0-8EF8-4603-8D3C-7DAC8D70115E}"
EndProject
Project("{FAE04EC0-301F-11D3-BF4B-00C04F79EFBC}") = "Seccao3", "..\Seccao1Exercicios1\Seccao3.csproj", "{4D397A2A-A6B8-4F05-8B6D-FA0CB60FF9BA}"
EndProject
Project("{2150E333-8FDC-42A3-9474-1A3956D46DE8}") = "Seccao4", "Seccao4", "{44BE493A-35FF-4E55-95BA-3D47F24ACBBF}"
EndProject
Project("{FAE04EC0-301F-11D3-BF4B-00C04F79EFBC}") = "Seccao4", "..\Seccao4\Seccao4.csproj", "{0C65CAF0-777B-4EF1-9145-9166456A31AC}"
EndProject
Project("{2150E333-8FDC-42A3-9474-1A3956D46DE8}") = "Modelo", "Modelo", "{737DB0E6-9E5F-48CE-9016-9A2A5A52FE6D}"
EndProject
Project("{FAE04EC0-301F-11D3-BF4B-00C04F79EFBC}") = "Modelos", "..\Modelos\Modelos.csproj", "{EFDB2C3B-B99C-4B89-B166-4692DE798B9B}"
EndProject
Project("{2150E333-8FDC-42A3-9474-1A3956D46DE8}") = "Exercicios Avulsos", "Exercicios Avulsos", "{246F1F95-25C6-431D-8789-004DBF5152A2}"
EndProject
Project("{FAE04EC0-301F-11D3-BF4B-00C04F79EFBC}") = "ExerciciosAvulsos", "..\ExerciciosAvulsos\ExerciciosAvulsos.csproj", "{B44BF8B6-6FD3-4E95-AF35-B0D9ACC14D47}"
EndProject
Project("{2150E333-8FDC-42A3-9474-1A3956D46DE8}") = "Seccao5", "Seccao5", "{749BB2C1-808E-4DBC-99DA-2A327E27CD6F}"
EndProject
Project("{FAE04EC0-301F-11D3-BF4B-00C04F79EFBC}") = "Seccao5", "..\Seccao\Seccao5.csproj", "{F1C7805A-4DCF-40D5-8BF8-6B180EA61FB9}"
EndProject
Project("{2150E333-8FDC-42A3-9474-1A3956D46DE8}") = "Seccao6", "Seccao6", "{3D768278-4DDF-42A9-8E5E-92A785280DA5}"
EndProject
Project("{FAE04EC0-301F-11D3-BF4B-00C04F79EFBC}") = "Seccao6", "..\Seccao6\Seccao6.csproj", "{A2D2CD32-B966-4252-B5E4-40F627A36D35}"
EndProject
Project("{2150E333-8FDC-42A3-9474-1A3956D46DE8}") = "Seccao7", "Seccao7", "{A9F023E8-4E64-4085-9DAC-A66A353E26B8}"
EndProject
Project("{FAE04EC0-301F-11D3-BF4B-00C04F79EFBC}") = "Seccao7", "..\Seccao7\Seccao7.csproj", "{BB0ECFC0-6D42-4240-89C7-F6C144C757CF}"
EndProject
Project("{2150E333-8FDC-42A3-9474-1A3956D46DE8}") = "Seccao9", "Seccao9", "{B4C76E2B-5B6A-4456-A664-13360A58D3D2}"
EndProject
Project("{2150E333-8FDC-42A3-9474-1A3956D46DE8}") = "Seccao9Exercicio1Ex1", "Seccao9Exercicio1Ex1", "{DD63AB5A-B117-4DEB-96A7-A9029CC12316}"
EndProject
Project("{9A19103F-16F7-4668-BE54-9A1E7A4F7556}") = "Seccao9Exercicio1Ex1", "..\Seccao9Exercicio1Ex1\Seccao9Exercicio1Ex1.csproj", "{46FCEC86-EAB0-4FD1-882C-FB5B724FCBC6}"
EndProject
Project("{2150E333-8FDC-42A3-9474-1A3956D46DE8}") = "Seccao9Exercicio2Ex1", "Seccao9Exercicio2Ex1", "{62ECE01C-2C25-42AC-8D88-4CBFEC5A8A5F}"
EndProject
Project("{2150E333-8FDC-42A3-9474-1A3956D46DE8}") = "Seccao9Exercicio3Ex1", "Seccao9Exercicio3Ex1", "{436770B1-3B3B-4A8C-9F15-7D4F2811B1EF}"
EndProject
Project("{9A19103F-16F7-4668-BE54-9A1E7A4F7556}") = "Seccao9Exercicio2Ex1", "..\Seccao9Exercicio2Ex1\Seccao9Exercicio2Ex1.csproj", "{1AEA7CAF-8D77-47B8-9F03-D14EA1613508}"
EndProject
Project("{FAE04EC0-301F-11D3-BF4B-00C04F79EFBC}") = "Seccao9Exercicio3Ex1", "..\Seccao9Exercicio3Ex1\Seccao9Exercicio3Ex1.csproj", "{7D8F7D35-30B8-4D7F-9465-651A3241BD12}"
EndProject
Project("{2150E333-8FDC-42A3-9474-1A3956D46DE8}") = "Seccaoo10", "Seccaoo10", "{87233451-5B76-46EC-83B3-18AF224FDF73}"
EndProject
Project("{2150E333-8FDC-42A3-9474-1A3956D46DE8}") = "Seccao10Exercicio1Ex1", "Seccao10Exercicio1Ex1", "{C9961477-E787-4980-B594-E527A40D68FE}"
EndProject
Project("{FAE04EC0-301F-11D3-BF4B-00C04F79EFBC}") = "Seccao10Exercicio1Ex1", "..\Seccao10Exercicio1Ex1\Seccao10Exercicio1Ex1.csproj", "{0EC14E59-4F68-4D11-BD41-FEFE267CD09D}"
EndProject
Project("{2150E333-8FDC-42A3-9474-1A3956D46DE8}") = "Seccao10Exercicio1Ex2", "Seccao10Exercicio1Ex2", "{3CB767EF-258E-4BBD-8453-E023D5D7867B}"
EndProject
Project("{FAE04EC0-301F-11D3-BF4B-00C04F79EFBC}") = "Seccao10Exercicio1Ex2", "..\Seccao10Exercicio1Ex2\Seccao10Exercicio1Ex2.csproj", "{D0B4F91C-C95D-4596-8743-A79EFEDC4F7B}"
EndProject
Project("{2150E333-8FDC-42A3-9474-1A3956D46DE8}") = "Seccao10Exercicio1Ex3", "Seccao10Exercicio1Ex3", "{7626EEAF-C899-40B3-B4A2-F8FA7E8FAFE1}"
EndProject
Project("{FAE04EC0-301F-11D3-BF4B-00C04F79EFBC}") = "Seccao10Exercicio1Ex3", "..\Seccao10Exercicio1Ex3\Seccao10Exercicio1Ex3.csproj", "{EDDBAB54-70AA-4E0A-9AA2-9A2BD7F1726A}"
EndProject
Project("{2150E333-8FDC-42A3-9474-1A3956D46DE8}") = "Seccao10Exercicio1Ex4", "Seccao10Exercicio1Ex4", "{60437652-C0AD-4E95-ABCF-8325806CB2A1}"
EndProject
Project("{FAE04EC0-301F-11D3-BF4B-00C04F79EFBC}") = "Seccao10Exercicio1Ex4", "..\Seccao10Exercicio1Ex4\Seccao10Exercicio1Ex4.csproj", "{C480DF46-55E5-426D-BFE3-F2BBC6F6B678}"
EndProject
Project("{2150E333-8FDC-42A3-9474-1A3956D46DE8}") = "Seccao10Exercicio1Ex5", "Seccao10Exercicio1Ex5", "{5442D520-316A-4B51-AA1D-E05DFBAA890A}"
EndProject
Project("{FAE04EC0-301F-11D3-BF4B-00C04F79EFBC}") = "Seccao10Exercicio1Ex5", "..\Seccao10Exercicio1Ex5\Seccao10Exercicio1Ex5.csproj", "{5CB643F7-F998-4D83-9A98-ED5F054452A0}"
EndProject
Project("{2150E333-8FDC-42A3-9474-1A3956D46DE8}") = "Seccaoo11", "Seccaoo11", "{32D972C3-1D17-4DD1-B723-F78F9234A237}"
EndProject
Project("{FAE04EC0-301F-11D3-BF4B-00C04F79EFBC}") = "Seccao11", "..\Seccao11\Seccao11.csproj", "{00704E67-83F3-4C5A-A0AC-1744440BA886}"
EndProject
Project("{2150E333-8FDC-42A3-9474-1A3956D46DE8}") = "Seccao11Exercicio1Ex1", "Seccao11Exercicio1Ex1", "{24324914-795B-4102-BC95-427032BA727B}"
EndProject
Project("{FAE04EC0-301F-11D3-BF4B-00C04F79EFBC}") = "Seccao11Exercicio1Ex1", "..\Seccao11Exercicio1Ex1\Seccao11Exercicio1Ex1.csproj", "{98DEC5AE-4BBB-4D25-ADC1-AA6E5EBF5B71}"
EndProject
Project("{2150E333-8FDC-42A3-9474-1A3956D46DE8}") = "Seccao11Exercicio1Ex2", "Seccao11Exercicio1Ex2", "{78A0932E-E655-4B83-AAE6-162608AB013A}"
EndProject
Project("{FAE04EC0-301F-11D3-BF4B-00C04F79EFBC}") = "Seccao11Exercicio1Ex2", "..\Seccao11Exercicio1Ex2\Seccao11Exercicio1Ex2.csproj", "{ED3E34C9-B493-449A-A50F-7EB425B798E9}"
EndProject
Project("{2150E333-8FDC-42A3-9474-1A3956D46DE8}") = "Seccaoo13", "Seccaoo13", "{C6C1C2BE-C0B1-4368-82C3-17B2AB9EEA07}"
EndProject
Project("{FAE04EC0-301F-11D3-BF4B-00C04F79EFBC}") = "Seccao13", "..\Seccao13\Seccao13.csproj", "{9CA98873-8DC0-4703-9D71-21EA465936A6}"
EndProject
Project("{2150E333-8FDC-42A3-9474-1A3956D46DE8}") = "Seccao13Exercicio1Ex1", "Seccao13Exercicio1Ex1", "{63075C13-A718-4A41-852D-AE37CC46FDEF}"
EndProject
Project("{FAE04EC0-301F-11D3-BF4B-00C04F79EFBC}") = "Seccao13Exercicio1Ex1", "..\Seccao13Exercicio1Ex1\Seccao13Exercicio1Ex1.csproj", "{DD3716EA-8F1E-4DC7-961C-277143C59454}"
EndProject
Project("{2150E333-8FDC-42A3-9474-1A3956D46DE8}") = "Seccaoo14", "Seccaoo14", "{CA29CD18-A66E-4046-8279-FFA964FA0B2F}"
EndProject
Project("{2150E333-8FDC-42A3-9474-1A3956D46DE8}") = "Seccao14Exercicio1Ex1", "Seccao14Exercicio1Ex1", "{37FF3608-9F84-48C9-B6E8-00749E87FB82}"
EndProject
Project("{FAE04EC0-301F-11D3-BF4B-00C04F79EFBC}") = "Seccao14Exercicio1Ex1", "..\Seccao14Exercicio1Ex1\Seccao14Exercicio1Ex1.csproj", "{99A05386-CE7A-44C8-9314-A1153F8683CF}"
EndProject
Project("{2150E333-8FDC-42A3-9474-1A3956D46DE8}") = "Seccao14Exercicio1Ex2", "Seccao14Exercicio1Ex2", "{F91680A0-247C-4D77-8836-0CC00F31D16A}"
EndProject
Project("{FAE04EC0-301F-11D3-BF4B-00C04F79EFBC}") = "Seccao14Exercicio1Ex2", "..\Seccao14Exercicio1Ex2\Seccao14Exercicio1Ex2.csproj", "{F20801B6-69F9-470E-9CFF-79F44C57A8B1}"
EndProject
Project("{2150E333-8FDC-42A3-9474-1A3956D46DE8}") = "ProcessamentodeContrato", "ProcessamentodeContrato", "{D6D7CFF2-21E7-4ED5-95A4-35F2AB9C11E2}"
EndProject
Project("{FAE04EC0-301F-11D3-BF4B-00C04F79EFBC}") = "ProcessamentodeContrato", "..\ProcessamentodeContrato\ProcessamentodeContrato.csproj", "{962BB209-EFFA-4E6A-A7B3-92B9BB0CD38D}"
EndProject
Project("{2150E333-8FDC-42A3-9474-1A3956D46DE8}") = "IComparable", "IComparable", "{F21F668E-472F-4272-9693-F3F105249FDD}"
EndProject
Project("{FAE04EC0-301F-11D3-BF4B-00C04F79EFBC}") = "IComparable", "..\IComparable\IComparable.csproj", "{46F1DA6F-2E92-4D93-BAAF-5E303C52E376}"
EndProject
Project("{2150E333-8FDC-42A3-9474-1A3956D46DE8}") = "Seccaoo15", "Seccaoo15", "{3919EA83-D2EE-422D-B2F8-B612E3CDAFB9}"
EndProject
Project("{2150E333-8FDC-42A3-9474-1A3956D46DE8}") = "Generics", "Generics", "{30057524-D644-46E2-A014-847329C708AC}"
EndProject
Project("{FAE04EC0-301F-11D3-BF4B-00C04F79EFBC}") = "Generics", "..\Generics\Generics.csproj", "{2B7778F6-2C2F-478F-96D4-4B6A7475C1FB}"
EndProject
Project("{2150E333-8FDC-42A3-9474-1A3956D46DE8}") = "RestricoesGenerics", "RestricoesGenerics", "{7846C0C8-F6F1-4C84-8812-C1EF834AD5D9}"
EndProject
Project("{FAE04EC0-301F-11D3-BF4B-00C04F79EFBC}") = "RestricoesGenerics", "..\RestricoesGenerics\RestricoesGenerics.csproj", "{80407D62-1F6E-4A71-ADD2-A3BF38E14CE9}"
EndProject
Project("{2150E333-8FDC-42A3-9474-1A3956D46DE8}") = "Equals&GetHashCode", "Equals&GetHashCode", "{58064CBF-1E00-4F10-BAD4-FE2675DCF268}"
EndProject
Project("{FAE04EC0-301F-11D3-BF4B-00C04F79EFBC}") = "Equals&GetHashCode", "..\Equals&GetHashCode\Equals&GetHashCode.csproj", "{46FE0CF0-71F8-4E0F-A2F8-4EF0C09597A8}"
EndProject
Project("{2150E333-8FDC-42A3-9474-1A3956D46DE8}") = "HashSet&SortedSet", "HashSet&SortedSet", "{B5E0744C-3292-47B2-A372-B7B722D1DD8C}"
EndProject
Project("{FAE04EC0-301F-11D3-BF4B-00C04F79EFBC}") = "HashSet&SortedSet", "..\HashSet&SortedSet\HashSet&SortedSet.csproj", "{19791ECE-EBD0-4A09-91F9-1C6F33D8E768}"
EndProject
Project("{2150E333-8FDC-42A3-9474-1A3956D46DE8}") = "IgualdadeColecoes", "IgualdadeColecoes", "{F1014A0F-EB57-4C19-B371-8454D3D9289F}"
EndProject
Project("{FAE04EC0-301F-11D3-BF4B-00C04F79EFBC}") = "IgualdadeColecoes", "..\IgualdadeColecoes\IgualdadeColecoes.csproj", "{0F7BF499-195E-489B-A958-02CDF550BD1E}"
EndProject
Project("{2150E333-8FDC-42A3-9474-1A3956D46DE8}") = "Seccao15Exercicio1Ex1", "Seccao15Exercicio1Ex1", "{51FD7104-FB8A-4403-839D-DC168820E4BC}"
EndProject
Project("{2150E333-8FDC-42A3-9474-1A3956D46DE8}") = "Seccao15Exercicio1Ex2", "Seccao15Exercicio1Ex2", "{A2E98F26-5385-4715-B425-9E0A8B72ACD0}"
EndProject
Project("{FAE04EC0-301F-11D3-BF4B-00C04F79EFBC}") = "Seccao15Exercicio1Ex1", "..\Seccao15Exercicio1Ex1\Seccao15Exercicio1Ex1.csproj", "{1B18047B-D47A-48D2-99CE-C7DC4920541F}"
EndProject
Project("{FAE04EC0-301F-11D3-BF4B-00C04F79EFBC}") = "Seccao15Exercicio1Ex2", "..\Seccao15Exercicio1Ex2\Seccao15Exercicio1Ex2.csproj", "{E7CD4179-DE9D-4742-A52B-E465A3CDFB19}"
EndProject
Project("{2150E333-8FDC-42A3-9474-1A3956D46DE8}") = "Dictionary&SortedDictionary", "Dictionary&SortedDictionary", "{C26DD797-7B47-4CEB-8CC4-70B3D5F67CFC}"
EndProject
Project("{FAE04EC0-301F-11D3-BF4B-00C04F79EFBC}") = "Dictionary&SortedDictionary", "..\Dictionary&SortedDictionary\Dictionary&SortedDictionary.csproj", "{617FB95E-09C5-430B-B4C4-CD79DB930004}"
EndProject
Project("{2150E333-8FDC-42A3-9474-1A3956D46DE8}") = "Seccao15Exercicio2Ex1", "Seccao15Exercicio2Ex1", "{B515DE28-3166-4478-B8D9-6406D8E931AF}"
EndProject
Project("{FAE04EC0-301F-11D3-BF4B-00C04F79EFBC}") = "Seccao15Exercicio2Ex1", "..\Seccao15Exercicio2Ex1\Seccao15Exercicio2Ex1.csproj", "{894A0565-0D2D-4D6B-AD77-D6D105937848}"
EndProject
Project("{2150E333-8FDC-42A3-9474-1A3956D46DE8}") = "ExtensionMethods", "ExtensionMethods", "{8A9EBF9C-9CBF-4A39-8D31-25B14192D377}"
EndProject
Project("{FAE04EC0-301F-11D3-BF4B-00C04F79EFBC}") = "ExtensionMethods", "..\ExtensionMethods\ExtensionMethods.csproj", "{4777B1CF-750D-492D-A858-14F8EF18DCF1}"
EndProject
Project("{2150E333-8FDC-42A3-9474-1A3956D46DE8}") = "Seccaoo16", "Seccaoo16", "{7E9CDF6C-BB87-4ADB-9364-A671C52C805E}"
EndProject
Project("{2150E333-8FDC-42A3-9474-1A3956D46DE8}") = "Seccaoo17", "Seccaoo17", "{E8B78766-75FD-477E-829E-C70EEB033E0E}"
EndProject
Project("{2150E333-8FDC-42A3-9474-1A3956D46DE8}") = "Delegates", "Delegates", "{49D9D854-8B2A-438D-9FD7-B7241F6B2520}"
EndProject
Project("{FAE04EC0-301F-11D3-BF4B-00C04F79EFBC}") = "Delegates", "..\Delegates\Delegates.csproj", "{50F24086-10CE-4457-8445-2037CBA38111}"
EndProject
Project("{2150E333-8FDC-42A3-9474-1A3956D46DE8}") = "MulticastDelegates", "MulticastDelegates", "{D7AD2DB9-066B-495F-9A3E-F4E5B7459498}"
EndProject
Project("{FAE04EC0-301F-11D3-BF4B-00C04F79EFBC}") = "MulticastDelegates", "..\MulticastDelegates\MulticastDelegates.csproj", "{C27D879D-3865-406F-A50A-C12E7169B7A7}"
EndProject
Project("{2150E333-8FDC-42A3-9474-1A3956D46DE8}") = "Action", "Action", "{ED0B920F-5A3E-4701-849C-7B65495B3272}"
EndProject
Project("{FAE04EC0-301F-11D3-BF4B-00C04F79EFBC}") = "Action", "..\Action\Action.csproj", "{090AAF96-3299-4B71-B3B6-58A271E21CF5}"
EndProject
Project("{2150E333-8FDC-42A3-9474-1A3956D46DE8}") = "Linq&Operacoes", "Linq&Operacoes", "{3060396A-BD03-48C6-89E4-1C2A5AA6DEA6}"
EndProject
Project("{FAE04EC0-301F-11D3-BF4B-00C04F79EFBC}") = "Linq&Operacoes", "..\Linq&Operacoes\Linq&Operacoes.csproj", "{1E1D89F3-C276-4D26-9AEB-DB4515AFC546}"
EndProject
Project("{FAE04EC0-301F-11D3-BF4B-00C04F79EFBC}") = "LinqComLambda", "..\LinqComLambda\LinqComLambda.csproj", "{9F52D2A0-D190-4C2D-B9A0-64E8E19B1A19}"
EndProject
Global
	GlobalSection(SolutionConfigurationPlatforms) = preSolution
		Debug|Any CPU = Debug|Any CPU
		Release|Any CPU = Release|Any CPU
	EndGlobalSection
	GlobalSection(ProjectConfigurationPlatforms) = postSolution
		{4093AEC3-30C8-4337-B3A5-41005D97FB4E}.Debug|Any CPU.ActiveCfg = Debug|Any CPU
		{4093AEC3-30C8-4337-B3A5-41005D97FB4E}.Debug|Any CPU.Build.0 = Debug|Any CPU
		{4093AEC3-30C8-4337-B3A5-41005D97FB4E}.Release|Any CPU.ActiveCfg = Release|Any CPU
		{4093AEC3-30C8-4337-B3A5-41005D97FB4E}.Release|Any CPU.Build.0 = Release|Any CPU
		{4D397A2A-A6B8-4F05-8B6D-FA0CB60FF9BA}.Debug|Any CPU.ActiveCfg = Debug|Any CPU
		{4D397A2A-A6B8-4F05-8B6D-FA0CB60FF9BA}.Debug|Any CPU.Build.0 = Debug|Any CPU
		{4D397A2A-A6B8-4F05-8B6D-FA0CB60FF9BA}.Release|Any CPU.ActiveCfg = Release|Any CPU
		{4D397A2A-A6B8-4F05-8B6D-FA0CB60FF9BA}.Release|Any CPU.Build.0 = Release|Any CPU
		{0C65CAF0-777B-4EF1-9145-9166456A31AC}.Debug|Any CPU.ActiveCfg = Debug|Any CPU
		{0C65CAF0-777B-4EF1-9145-9166456A31AC}.Debug|Any CPU.Build.0 = Debug|Any CPU
		{0C65CAF0-777B-4EF1-9145-9166456A31AC}.Release|Any CPU.ActiveCfg = Release|Any CPU
		{0C65CAF0-777B-4EF1-9145-9166456A31AC}.Release|Any CPU.Build.0 = Release|Any CPU
		{EFDB2C3B-B99C-4B89-B166-4692DE798B9B}.Debug|Any CPU.ActiveCfg = Debug|Any CPU
		{EFDB2C3B-B99C-4B89-B166-4692DE798B9B}.Debug|Any CPU.Build.0 = Debug|Any CPU
		{EFDB2C3B-B99C-4B89-B166-4692DE798B9B}.Release|Any CPU.ActiveCfg = Release|Any CPU
		{EFDB2C3B-B99C-4B89-B166-4692DE798B9B}.Release|Any CPU.Build.0 = Release|Any CPU
		{B44BF8B6-6FD3-4E95-AF35-B0D9ACC14D47}.Debug|Any CPU.ActiveCfg = Debug|Any CPU
		{B44BF8B6-6FD3-4E95-AF35-B0D9ACC14D47}.Debug|Any CPU.Build.0 = Debug|Any CPU
		{B44BF8B6-6FD3-4E95-AF35-B0D9ACC14D47}.Release|Any CPU.ActiveCfg = Release|Any CPU
		{B44BF8B6-6FD3-4E95-AF35-B0D9ACC14D47}.Release|Any CPU.Build.0 = Release|Any CPU
		{F1C7805A-4DCF-40D5-8BF8-6B180EA61FB9}.Debug|Any CPU.ActiveCfg = Debug|Any CPU
		{F1C7805A-4DCF-40D5-8BF8-6B180EA61FB9}.Debug|Any CPU.Build.0 = Debug|Any CPU
		{F1C7805A-4DCF-40D5-8BF8-6B180EA61FB9}.Release|Any CPU.ActiveCfg = Release|Any CPU
		{F1C7805A-4DCF-40D5-8BF8-6B180EA61FB9}.Release|Any CPU.Build.0 = Release|Any CPU
		{A2D2CD32-B966-4252-B5E4-40F627A36D35}.Debug|Any CPU.ActiveCfg = Debug|Any CPU
		{A2D2CD32-B966-4252-B5E4-40F627A36D35}.Debug|Any CPU.Build.0 = Debug|Any CPU
		{A2D2CD32-B966-4252-B5E4-40F627A36D35}.Release|Any CPU.ActiveCfg = Release|Any CPU
		{A2D2CD32-B966-4252-B5E4-40F627A36D35}.Release|Any CPU.Build.0 = Release|Any CPU
		{BB0ECFC0-6D42-4240-89C7-F6C144C757CF}.Debug|Any CPU.ActiveCfg = Debug|Any CPU
		{BB0ECFC0-6D42-4240-89C7-F6C144C757CF}.Debug|Any CPU.Build.0 = Debug|Any CPU
		{BB0ECFC0-6D42-4240-89C7-F6C144C757CF}.Release|Any CPU.ActiveCfg = Release|Any CPU
		{BB0ECFC0-6D42-4240-89C7-F6C144C757CF}.Release|Any CPU.Build.0 = Release|Any CPU
		{46FCEC86-EAB0-4FD1-882C-FB5B724FCBC6}.Debug|Any CPU.ActiveCfg = Debug|Any CPU
		{46FCEC86-EAB0-4FD1-882C-FB5B724FCBC6}.Debug|Any CPU.Build.0 = Debug|Any CPU
		{46FCEC86-EAB0-4FD1-882C-FB5B724FCBC6}.Release|Any CPU.ActiveCfg = Release|Any CPU
		{46FCEC86-EAB0-4FD1-882C-FB5B724FCBC6}.Release|Any CPU.Build.0 = Release|Any CPU
		{1AEA7CAF-8D77-47B8-9F03-D14EA1613508}.Debug|Any CPU.ActiveCfg = Debug|Any CPU
		{1AEA7CAF-8D77-47B8-9F03-D14EA1613508}.Debug|Any CPU.Build.0 = Debug|Any CPU
		{1AEA7CAF-8D77-47B8-9F03-D14EA1613508}.Release|Any CPU.ActiveCfg = Release|Any CPU
		{1AEA7CAF-8D77-47B8-9F03-D14EA1613508}.Release|Any CPU.Build.0 = Release|Any CPU
		{7D8F7D35-30B8-4D7F-9465-651A3241BD12}.Debug|Any CPU.ActiveCfg = Debug|Any CPU
		{7D8F7D35-30B8-4D7F-9465-651A3241BD12}.Debug|Any CPU.Build.0 = Debug|Any CPU
		{7D8F7D35-30B8-4D7F-9465-651A3241BD12}.Release|Any CPU.ActiveCfg = Release|Any CPU
		{7D8F7D35-30B8-4D7F-9465-651A3241BD12}.Release|Any CPU.Build.0 = Release|Any CPU
		{0EC14E59-4F68-4D11-BD41-FEFE267CD09D}.Debug|Any CPU.ActiveCfg = Debug|Any CPU
		{0EC14E59-4F68-4D11-BD41-FEFE267CD09D}.Debug|Any CPU.Build.0 = Debug|Any CPU
		{0EC14E59-4F68-4D11-BD41-FEFE267CD09D}.Release|Any CPU.ActiveCfg = Release|Any CPU
		{0EC14E59-4F68-4D11-BD41-FEFE267CD09D}.Release|Any CPU.Build.0 = Release|Any CPU
		{D0B4F91C-C95D-4596-8743-A79EFEDC4F7B}.Debug|Any CPU.ActiveCfg = Debug|Any CPU
		{D0B4F91C-C95D-4596-8743-A79EFEDC4F7B}.Debug|Any CPU.Build.0 = Debug|Any CPU
		{D0B4F91C-C95D-4596-8743-A79EFEDC4F7B}.Release|Any CPU.ActiveCfg = Release|Any CPU
		{D0B4F91C-C95D-4596-8743-A79EFEDC4F7B}.Release|Any CPU.Build.0 = Release|Any CPU
		{EDDBAB54-70AA-4E0A-9AA2-9A2BD7F1726A}.Debug|Any CPU.ActiveCfg = Debug|Any CPU
		{EDDBAB54-70AA-4E0A-9AA2-9A2BD7F1726A}.Debug|Any CPU.Build.0 = Debug|Any CPU
		{EDDBAB54-70AA-4E0A-9AA2-9A2BD7F1726A}.Release|Any CPU.ActiveCfg = Release|Any CPU
		{EDDBAB54-70AA-4E0A-9AA2-9A2BD7F1726A}.Release|Any CPU.Build.0 = Release|Any CPU
		{C480DF46-55E5-426D-BFE3-F2BBC6F6B678}.Debug|Any CPU.ActiveCfg = Debug|Any CPU
		{C480DF46-55E5-426D-BFE3-F2BBC6F6B678}.Debug|Any CPU.Build.0 = Debug|Any CPU
		{C480DF46-55E5-426D-BFE3-F2BBC6F6B678}.Release|Any CPU.ActiveCfg = Release|Any CPU
		{C480DF46-55E5-426D-BFE3-F2BBC6F6B678}.Release|Any CPU.Build.0 = Release|Any CPU
		{5CB643F7-F998-4D83-9A98-ED5F054452A0}.Debug|Any CPU.ActiveCfg = Debug|Any CPU
		{5CB643F7-F998-4D83-9A98-ED5F054452A0}.Debug|Any CPU.Build.0 = Debug|Any CPU
		{5CB643F7-F998-4D83-9A98-ED5F054452A0}.Release|Any CPU.ActiveCfg = Release|Any CPU
		{5CB643F7-F998-4D83-9A98-ED5F054452A0}.Release|Any CPU.Build.0 = Release|Any CPU
		{00704E67-83F3-4C5A-A0AC-1744440BA886}.Debug|Any CPU.ActiveCfg = Debug|Any CPU
		{00704E67-83F3-4C5A-A0AC-1744440BA886}.Debug|Any CPU.Build.0 = Debug|Any CPU
		{00704E67-83F3-4C5A-A0AC-1744440BA886}.Release|Any CPU.ActiveCfg = Release|Any CPU
		{00704E67-83F3-4C5A-A0AC-1744440BA886}.Release|Any CPU.Build.0 = Release|Any CPU
		{98DEC5AE-4BBB-4D25-ADC1-AA6E5EBF5B71}.Debug|Any CPU.ActiveCfg = Debug|Any CPU
		{98DEC5AE-4BBB-4D25-ADC1-AA6E5EBF5B71}.Debug|Any CPU.Build.0 = Debug|Any CPU
		{98DEC5AE-4BBB-4D25-ADC1-AA6E5EBF5B71}.Release|Any CPU.ActiveCfg = Release|Any CPU
		{98DEC5AE-4BBB-4D25-ADC1-AA6E5EBF5B71}.Release|Any CPU.Build.0 = Release|Any CPU
		{ED3E34C9-B493-449A-A50F-7EB425B798E9}.Debug|Any CPU.ActiveCfg = Debug|Any CPU
		{ED3E34C9-B493-449A-A50F-7EB425B798E9}.Debug|Any CPU.Build.0 = Debug|Any CPU
		{ED3E34C9-B493-449A-A50F-7EB425B798E9}.Release|Any CPU.ActiveCfg = Release|Any CPU
		{ED3E34C9-B493-449A-A50F-7EB425B798E9}.Release|Any CPU.Build.0 = Release|Any CPU
		{9CA98873-8DC0-4703-9D71-21EA465936A6}.Debug|Any CPU.ActiveCfg = Debug|Any CPU
		{9CA98873-8DC0-4703-9D71-21EA465936A6}.Debug|Any CPU.Build.0 = Debug|Any CPU
		{9CA98873-8DC0-4703-9D71-21EA465936A6}.Release|Any CPU.ActiveCfg = Release|Any CPU
		{9CA98873-8DC0-4703-9D71-21EA465936A6}.Release|Any CPU.Build.0 = Release|Any CPU
		{DD3716EA-8F1E-4DC7-961C-277143C59454}.Debug|Any CPU.ActiveCfg = Debug|Any CPU
		{DD3716EA-8F1E-4DC7-961C-277143C59454}.Debug|Any CPU.Build.0 = Debug|Any CPU
		{DD3716EA-8F1E-4DC7-961C-277143C59454}.Release|Any CPU.ActiveCfg = Release|Any CPU
		{DD3716EA-8F1E-4DC7-961C-277143C59454}.Release|Any CPU.Build.0 = Release|Any CPU
		{99A05386-CE7A-44C8-9314-A1153F8683CF}.Debug|Any CPU.ActiveCfg = Debug|Any CPU
		{99A05386-CE7A-44C8-9314-A1153F8683CF}.Debug|Any CPU.Build.0 = Debug|Any CPU
		{99A05386-CE7A-44C8-9314-A1153F8683CF}.Release|Any CPU.ActiveCfg = Release|Any CPU
		{99A05386-CE7A-44C8-9314-A1153F8683CF}.Release|Any CPU.Build.0 = Release|Any CPU
		{F20801B6-69F9-470E-9CFF-79F44C57A8B1}.Debug|Any CPU.ActiveCfg = Debug|Any CPU
		{F20801B6-69F9-470E-9CFF-79F44C57A8B1}.Debug|Any CPU.Build.0 = Debug|Any CPU
		{F20801B6-69F9-470E-9CFF-79F44C57A8B1}.Release|Any CPU.ActiveCfg = Release|Any CPU
		{F20801B6-69F9-470E-9CFF-79F44C57A8B1}.Release|Any CPU.Build.0 = Release|Any CPU
		{962BB209-EFFA-4E6A-A7B3-92B9BB0CD38D}.Debug|Any CPU.ActiveCfg = Debug|Any CPU
		{962BB209-EFFA-4E6A-A7B3-92B9BB0CD38D}.Debug|Any CPU.Build.0 = Debug|Any CPU
		{962BB209-EFFA-4E6A-A7B3-92B9BB0CD38D}.Release|Any CPU.ActiveCfg = Release|Any CPU
		{962BB209-EFFA-4E6A-A7B3-92B9BB0CD38D}.Release|Any CPU.Build.0 = Release|Any CPU
		{46F1DA6F-2E92-4D93-BAAF-5E303C52E376}.Debug|Any CPU.ActiveCfg = Debug|Any CPU
		{46F1DA6F-2E92-4D93-BAAF-5E303C52E376}.Debug|Any CPU.Build.0 = Debug|Any CPU
		{46F1DA6F-2E92-4D93-BAAF-5E303C52E376}.Release|Any CPU.ActiveCfg = Release|Any CPU
		{46F1DA6F-2E92-4D93-BAAF-5E303C52E376}.Release|Any CPU.Build.0 = Release|Any CPU
		{2B7778F6-2C2F-478F-96D4-4B6A7475C1FB}.Debug|Any CPU.ActiveCfg = Debug|Any CPU
		{2B7778F6-2C2F-478F-96D4-4B6A7475C1FB}.Debug|Any CPU.Build.0 = Debug|Any CPU
		{2B7778F6-2C2F-478F-96D4-4B6A7475C1FB}.Release|Any CPU.ActiveCfg = Release|Any CPU
		{2B7778F6-2C2F-478F-96D4-4B6A7475C1FB}.Release|Any CPU.Build.0 = Release|Any CPU
		{80407D62-1F6E-4A71-ADD2-A3BF38E14CE9}.Debug|Any CPU.ActiveCfg = Debug|Any CPU
		{80407D62-1F6E-4A71-ADD2-A3BF38E14CE9}.Debug|Any CPU.Build.0 = Debug|Any CPU
		{80407D62-1F6E-4A71-ADD2-A3BF38E14CE9}.Release|Any CPU.ActiveCfg = Release|Any CPU
		{80407D62-1F6E-4A71-ADD2-A3BF38E14CE9}.Release|Any CPU.Build.0 = Release|Any CPU
		{46FE0CF0-71F8-4E0F-A2F8-4EF0C09597A8}.Debug|Any CPU.ActiveCfg = Debug|Any CPU
		{46FE0CF0-71F8-4E0F-A2F8-4EF0C09597A8}.Debug|Any CPU.Build.0 = Debug|Any CPU
		{46FE0CF0-71F8-4E0F-A2F8-4EF0C09597A8}.Release|Any CPU.ActiveCfg = Release|Any CPU
		{46FE0CF0-71F8-4E0F-A2F8-4EF0C09597A8}.Release|Any CPU.Build.0 = Release|Any CPU
		{19791ECE-EBD0-4A09-91F9-1C6F33D8E768}.Debug|Any CPU.ActiveCfg = Debug|Any CPU
		{19791ECE-EBD0-4A09-91F9-1C6F33D8E768}.Debug|Any CPU.Build.0 = Debug|Any CPU
		{19791ECE-EBD0-4A09-91F9-1C6F33D8E768}.Release|Any CPU.ActiveCfg = Release|Any CPU
		{19791ECE-EBD0-4A09-91F9-1C6F33D8E768}.Release|Any CPU.Build.0 = Release|Any CPU
		{0F7BF499-195E-489B-A958-02CDF550BD1E}.Debug|Any CPU.ActiveCfg = Debug|Any CPU
		{0F7BF499-195E-489B-A958-02CDF550BD1E}.Debug|Any CPU.Build.0 = Debug|Any CPU
		{0F7BF499-195E-489B-A958-02CDF550BD1E}.Release|Any CPU.ActiveCfg = Release|Any CPU
		{0F7BF499-195E-489B-A958-02CDF550BD1E}.Release|Any CPU.Build.0 = Release|Any CPU
		{1B18047B-D47A-48D2-99CE-C7DC4920541F}.Debug|Any CPU.ActiveCfg = Debug|Any CPU
		{1B18047B-D47A-48D2-99CE-C7DC4920541F}.Debug|Any CPU.Build.0 = Debug|Any CPU
		{1B18047B-D47A-48D2-99CE-C7DC4920541F}.Release|Any CPU.ActiveCfg = Release|Any CPU
		{1B18047B-D47A-48D2-99CE-C7DC4920541F}.Release|Any CPU.Build.0 = Release|Any CPU
		{E7CD4179-DE9D-4742-A52B-E465A3CDFB19}.Debug|Any CPU.ActiveCfg = Debug|Any CPU
		{E7CD4179-DE9D-4742-A52B-E465A3CDFB19}.Debug|Any CPU.Build.0 = Debug|Any CPU
		{E7CD4179-DE9D-4742-A52B-E465A3CDFB19}.Release|Any CPU.ActiveCfg = Release|Any CPU
		{E7CD4179-DE9D-4742-A52B-E465A3CDFB19}.Release|Any CPU.Build.0 = Release|Any CPU
		{617FB95E-09C5-430B-B4C4-CD79DB930004}.Debug|Any CPU.ActiveCfg = Debug|Any CPU
		{617FB95E-09C5-430B-B4C4-CD79DB930004}.Debug|Any CPU.Build.0 = Debug|Any CPU
		{617FB95E-09C5-430B-B4C4-CD79DB930004}.Release|Any CPU.ActiveCfg = Release|Any CPU
		{617FB95E-09C5-430B-B4C4-CD79DB930004}.Release|Any CPU.Build.0 = Release|Any CPU
		{894A0565-0D2D-4D6B-AD77-D6D105937848}.Debug|Any CPU.ActiveCfg = Debug|Any CPU
		{894A0565-0D2D-4D6B-AD77-D6D105937848}.Debug|Any CPU.Build.0 = Debug|Any CPU
		{894A0565-0D2D-4D6B-AD77-D6D105937848}.Release|Any CPU.ActiveCfg = Release|Any CPU
		{894A0565-0D2D-4D6B-AD77-D6D105937848}.Release|Any CPU.Build.0 = Release|Any CPU
		{4777B1CF-750D-492D-A858-14F8EF18DCF1}.Debug|Any CPU.ActiveCfg = Debug|Any CPU
		{4777B1CF-750D-492D-A858-14F8EF18DCF1}.Debug|Any CPU.Build.0 = Debug|Any CPU
		{4777B1CF-750D-492D-A858-14F8EF18DCF1}.Release|Any CPU.ActiveCfg = Release|Any CPU
		{4777B1CF-750D-492D-A858-14F8EF18DCF1}.Release|Any CPU.Build.0 = Release|Any CPU
		{50F24086-10CE-4457-8445-2037CBA38111}.Debug|Any CPU.ActiveCfg = Debug|Any CPU
		{50F24086-10CE-4457-8445-2037CBA38111}.Debug|Any CPU.Build.0 = Debug|Any CPU
		{50F24086-10CE-4457-8445-2037CBA38111}.Release|Any CPU.ActiveCfg = Release|Any CPU
		{50F24086-10CE-4457-8445-2037CBA38111}.Release|Any CPU.Build.0 = Release|Any CPU
		{C27D879D-3865-406F-A50A-C12E7169B7A7}.Debug|Any CPU.ActiveCfg = Debug|Any CPU
		{C27D879D-3865-406F-A50A-C12E7169B7A7}.Debug|Any CPU.Build.0 = Debug|Any CPU
		{C27D879D-3865-406F-A50A-C12E7169B7A7}.Release|Any CPU.ActiveCfg = Release|Any CPU
		{C27D879D-3865-406F-A50A-C12E7169B7A7}.Release|Any CPU.Build.0 = Release|Any CPU
		{090AAF96-3299-4B71-B3B6-58A271E21CF5}.Debug|Any CPU.ActiveCfg = Debug|Any CPU
		{090AAF96-3299-4B71-B3B6-58A271E21CF5}.Debug|Any CPU.Build.0 = Debug|Any CPU
		{090AAF96-3299-4B71-B3B6-58A271E21CF5}.Release|Any CPU.ActiveCfg = Release|Any CPU
		{090AAF96-3299-4B71-B3B6-58A271E21CF5}.Release|Any CPU.Build.0 = Release|Any CPU
		{1E1D89F3-C276-4D26-9AEB-DB4515AFC546}.Debug|Any CPU.ActiveCfg = Debug|Any CPU
		{1E1D89F3-C276-4D26-9AEB-DB4515AFC546}.Debug|Any CPU.Build.0 = Debug|Any CPU
		{1E1D89F3-C276-4D26-9AEB-DB4515AFC546}.Release|Any CPU.ActiveCfg = Release|Any CPU
		{1E1D89F3-C276-4D26-9AEB-DB4515AFC546}.Release|Any CPU.Build.0 = Release|Any CPU
		{9F52D2A0-D190-4C2D-B9A0-64E8E19B1A19}.Debug|Any CPU.ActiveCfg = Debug|Any CPU
		{9F52D2A0-D190-4C2D-B9A0-64E8E19B1A19}.Debug|Any CPU.Build.0 = Debug|Any CPU
		{9F52D2A0-D190-4C2D-B9A0-64E8E19B1A19}.Release|Any CPU.ActiveCfg = Release|Any CPU
		{9F52D2A0-D190-4C2D-B9A0-64E8E19B1A19}.Release|Any CPU.Build.0 = Release|Any CPU
	EndGlobalSection
	GlobalSection(SolutionProperties) = preSolution
		HideSolutionNode = FALSE
	EndGlobalSection
	GlobalSection(NestedProjects) = preSolution
		{B2630B65-75E3-499E-8719-4632BDF3E2E0} = {B4C76E2B-5B6A-4456-A664-13360A58D3D2}
		{4093AEC3-30C8-4337-B3A5-41005D97FB4E} = {B2630B65-75E3-499E-8719-4632BDF3E2E0}
		{514216C0-8EF8-4603-8D3C-7DAC8D70115E} = {B5DE9118-3C8E-4B43-95D6-E8B0F5A07519}
		{4D397A2A-A6B8-4F05-8B6D-FA0CB60FF9BA} = {514216C0-8EF8-4603-8D3C-7DAC8D70115E}
		{44BE493A-35FF-4E55-95BA-3D47F24ACBBF} = {B5DE9118-3C8E-4B43-95D6-E8B0F5A07519}
		{0C65CAF0-777B-4EF1-9145-9166456A31AC} = {44BE493A-35FF-4E55-95BA-3D47F24ACBBF}
		{737DB0E6-9E5F-48CE-9016-9A2A5A52FE6D} = {B5DE9118-3C8E-4B43-95D6-E8B0F5A07519}
		{EFDB2C3B-B99C-4B89-B166-4692DE798B9B} = {737DB0E6-9E5F-48CE-9016-9A2A5A52FE6D}
		{246F1F95-25C6-431D-8789-004DBF5152A2} = {B5DE9118-3C8E-4B43-95D6-E8B0F5A07519}
		{B44BF8B6-6FD3-4E95-AF35-B0D9ACC14D47} = {246F1F95-25C6-431D-8789-004DBF5152A2}
		{749BB2C1-808E-4DBC-99DA-2A327E27CD6F} = {B5DE9118-3C8E-4B43-95D6-E8B0F5A07519}
		{F1C7805A-4DCF-40D5-8BF8-6B180EA61FB9} = {749BB2C1-808E-4DBC-99DA-2A327E27CD6F}
		{3D768278-4DDF-42A9-8E5E-92A785280DA5} = {B5DE9118-3C8E-4B43-95D6-E8B0F5A07519}
		{A2D2CD32-B966-4252-B5E4-40F627A36D35} = {3D768278-4DDF-42A9-8E5E-92A785280DA5}
		{A9F023E8-4E64-4085-9DAC-A66A353E26B8} = {B5DE9118-3C8E-4B43-95D6-E8B0F5A07519}
		{BB0ECFC0-6D42-4240-89C7-F6C144C757CF} = {A9F023E8-4E64-4085-9DAC-A66A353E26B8}
		{B4C76E2B-5B6A-4456-A664-13360A58D3D2} = {B5DE9118-3C8E-4B43-95D6-E8B0F5A07519}
		{DD63AB5A-B117-4DEB-96A7-A9029CC12316} = {B4C76E2B-5B6A-4456-A664-13360A58D3D2}
		{46FCEC86-EAB0-4FD1-882C-FB5B724FCBC6} = {DD63AB5A-B117-4DEB-96A7-A9029CC12316}
		{62ECE01C-2C25-42AC-8D88-4CBFEC5A8A5F} = {B4C76E2B-5B6A-4456-A664-13360A58D3D2}
		{436770B1-3B3B-4A8C-9F15-7D4F2811B1EF} = {B4C76E2B-5B6A-4456-A664-13360A58D3D2}
		{1AEA7CAF-8D77-47B8-9F03-D14EA1613508} = {62ECE01C-2C25-42AC-8D88-4CBFEC5A8A5F}
		{7D8F7D35-30B8-4D7F-9465-651A3241BD12} = {436770B1-3B3B-4A8C-9F15-7D4F2811B1EF}
		{87233451-5B76-46EC-83B3-18AF224FDF73} = {B5DE9118-3C8E-4B43-95D6-E8B0F5A07519}
		{C9961477-E787-4980-B594-E527A40D68FE} = {87233451-5B76-46EC-83B3-18AF224FDF73}
		{0EC14E59-4F68-4D11-BD41-FEFE267CD09D} = {C9961477-E787-4980-B594-E527A40D68FE}
		{3CB767EF-258E-4BBD-8453-E023D5D7867B} = {87233451-5B76-46EC-83B3-18AF224FDF73}
		{D0B4F91C-C95D-4596-8743-A79EFEDC4F7B} = {3CB767EF-258E-4BBD-8453-E023D5D7867B}
		{7626EEAF-C899-40B3-B4A2-F8FA7E8FAFE1} = {87233451-5B76-46EC-83B3-18AF224FDF73}
		{EDDBAB54-70AA-4E0A-9AA2-9A2BD7F1726A} = {7626EEAF-C899-40B3-B4A2-F8FA7E8FAFE1}
		{60437652-C0AD-4E95-ABCF-8325806CB2A1} = {87233451-5B76-46EC-83B3-18AF224FDF73}
		{C480DF46-55E5-426D-BFE3-F2BBC6F6B678} = {60437652-C0AD-4E95-ABCF-8325806CB2A1}
		{5442D520-316A-4B51-AA1D-E05DFBAA890A} = {87233451-5B76-46EC-83B3-18AF224FDF73}
		{5CB643F7-F998-4D83-9A98-ED5F054452A0} = {5442D520-316A-4B51-AA1D-E05DFBAA890A}
		{32D972C3-1D17-4DD1-B723-F78F9234A237} = {B5DE9118-3C8E-4B43-95D6-E8B0F5A07519}
		{00704E67-83F3-4C5A-A0AC-1744440BA886} = {32D972C3-1D17-4DD1-B723-F78F9234A237}
		{24324914-795B-4102-BC95-427032BA727B} = {32D972C3-1D17-4DD1-B723-F78F9234A237}
		{98DEC5AE-4BBB-4D25-ADC1-AA6E5EBF5B71} = {24324914-795B-4102-BC95-427032BA727B}
		{78A0932E-E655-4B83-AAE6-162608AB013A} = {32D972C3-1D17-4DD1-B723-F78F9234A237}
		{ED3E34C9-B493-449A-A50F-7EB425B798E9} = {78A0932E-E655-4B83-AAE6-162608AB013A}
		{C6C1C2BE-C0B1-4368-82C3-17B2AB9EEA07} = {B5DE9118-3C8E-4B43-95D6-E8B0F5A07519}
		{9CA98873-8DC0-4703-9D71-21EA465936A6} = {C6C1C2BE-C0B1-4368-82C3-17B2AB9EEA07}
		{63075C13-A718-4A41-852D-AE37CC46FDEF} = {C6C1C2BE-C0B1-4368-82C3-17B2AB9EEA07}
		{DD3716EA-8F1E-4DC7-961C-277143C59454} = {63075C13-A718-4A41-852D-AE37CC46FDEF}
		{CA29CD18-A66E-4046-8279-FFA964FA0B2F} = {B5DE9118-3C8E-4B43-95D6-E8B0F5A07519}
		{37FF3608-9F84-48C9-B6E8-00749E87FB82} = {CA29CD18-A66E-4046-8279-FFA964FA0B2F}
		{99A05386-CE7A-44C8-9314-A1153F8683CF} = {37FF3608-9F84-48C9-B6E8-00749E87FB82}
		{F91680A0-247C-4D77-8836-0CC00F31D16A} = {CA29CD18-A66E-4046-8279-FFA964FA0B2F}
		{F20801B6-69F9-470E-9CFF-79F44C57A8B1} = {F91680A0-247C-4D77-8836-0CC00F31D16A}
		{D6D7CFF2-21E7-4ED5-95A4-35F2AB9C11E2} = {246F1F95-25C6-431D-8789-004DBF5152A2}
		{962BB209-EFFA-4E6A-A7B3-92B9BB0CD38D} = {D6D7CFF2-21E7-4ED5-95A4-35F2AB9C11E2}
		{F21F668E-472F-4272-9693-F3F105249FDD} = {CA29CD18-A66E-4046-8279-FFA964FA0B2F}
		{46F1DA6F-2E92-4D93-BAAF-5E303C52E376} = {F21F668E-472F-4272-9693-F3F105249FDD}
		{3919EA83-D2EE-422D-B2F8-B612E3CDAFB9} = {B5DE9118-3C8E-4B43-95D6-E8B0F5A07519}
		{30057524-D644-46E2-A014-847329C708AC} = {3919EA83-D2EE-422D-B2F8-B612E3CDAFB9}
		{2B7778F6-2C2F-478F-96D4-4B6A7475C1FB} = {30057524-D644-46E2-A014-847329C708AC}
		{7846C0C8-F6F1-4C84-8812-C1EF834AD5D9} = {3919EA83-D2EE-422D-B2F8-B612E3CDAFB9}
		{80407D62-1F6E-4A71-ADD2-A3BF38E14CE9} = {7846C0C8-F6F1-4C84-8812-C1EF834AD5D9}
		{58064CBF-1E00-4F10-BAD4-FE2675DCF268} = {3919EA83-D2EE-422D-B2F8-B612E3CDAFB9}
		{46FE0CF0-71F8-4E0F-A2F8-4EF0C09597A8} = {58064CBF-1E00-4F10-BAD4-FE2675DCF268}
		{B5E0744C-3292-47B2-A372-B7B722D1DD8C} = {3919EA83-D2EE-422D-B2F8-B612E3CDAFB9}
		{19791ECE-EBD0-4A09-91F9-1C6F33D8E768} = {B5E0744C-3292-47B2-A372-B7B722D1DD8C}
		{F1014A0F-EB57-4C19-B371-8454D3D9289F} = {3919EA83-D2EE-422D-B2F8-B612E3CDAFB9}
		{0F7BF499-195E-489B-A958-02CDF550BD1E} = {F1014A0F-EB57-4C19-B371-8454D3D9289F}
		{51FD7104-FB8A-4403-839D-DC168820E4BC} = {3919EA83-D2EE-422D-B2F8-B612E3CDAFB9}
		{A2E98F26-5385-4715-B425-9E0A8B72ACD0} = {3919EA83-D2EE-422D-B2F8-B612E3CDAFB9}
		{1B18047B-D47A-48D2-99CE-C7DC4920541F} = {51FD7104-FB8A-4403-839D-DC168820E4BC}
		{E7CD4179-DE9D-4742-A52B-E465A3CDFB19} = {A2E98F26-5385-4715-B425-9E0A8B72ACD0}
		{C26DD797-7B47-4CEB-8CC4-70B3D5F67CFC} = {3919EA83-D2EE-422D-B2F8-B612E3CDAFB9}
		{617FB95E-09C5-430B-B4C4-CD79DB930004} = {C26DD797-7B47-4CEB-8CC4-70B3D5F67CFC}
		{B515DE28-3166-4478-B8D9-6406D8E931AF} = {3919EA83-D2EE-422D-B2F8-B612E3CDAFB9}
		{894A0565-0D2D-4D6B-AD77-D6D105937848} = {B515DE28-3166-4478-B8D9-6406D8E931AF}
		{8A9EBF9C-9CBF-4A39-8D31-25B14192D377} = {3919EA83-D2EE-422D-B2F8-B612E3CDAFB9}
		{4777B1CF-750D-492D-A858-14F8EF18DCF1} = {8A9EBF9C-9CBF-4A39-8D31-25B14192D377}
		{7E9CDF6C-BB87-4ADB-9364-A671C52C805E} = {B5DE9118-3C8E-4B43-95D6-E8B0F5A07519}
		{E8B78766-75FD-477E-829E-C70EEB033E0E} = {B5DE9118-3C8E-4B43-95D6-E8B0F5A07519}
		{49D9D854-8B2A-438D-9FD7-B7241F6B2520} = {E8B78766-75FD-477E-829E-C70EEB033E0E}
		{50F24086-10CE-4457-8445-2037CBA38111} = {49D9D854-8B2A-438D-9FD7-B7241F6B2520}
		{D7AD2DB9-066B-495F-9A3E-F4E5B7459498} = {E8B78766-75FD-477E-829E-C70EEB033E0E}
		{C27D879D-3865-406F-A50A-C12E7169B7A7} = {D7AD2DB9-066B-495F-9A3E-F4E5B7459498}
		{ED0B920F-5A3E-4701-849C-7B65495B3272} = {E8B78766-75FD-477E-829E-C70EEB033E0E}
		{090AAF96-3299-4B71-B3B6-58A271E21CF5} = {ED0B920F-5A3E-4701-849C-7B65495B3272}
		{3060396A-BD03-48C6-89E4-1C2A5AA6DEA6} = {E8B78766-75FD-477E-829E-C70EEB033E0E}
		{1E1D89F3-C276-4D26-9AEB-DB4515AFC546} = {3060396A-BD03-48C6-89E4-1C2A5AA6DEA6}
		{9F52D2A0-D190-4C2D-B9A0-64E8E19B1A19} = {3060396A-BD03-48C6-89E4-1C2A5AA6DEA6}
	EndGlobalSection
	GlobalSection(ExtensibilityGlobals) = postSolution
		SolutionGuid = {2D2E6C27-FFE7-4613-9F65-F41E1F29AF0E}
	EndGlobalSection
EndGlobal
